
Microsoft Visual Studio Solution File, Format Version 12.00
# Visual Studio Version 17
VisualStudioVersion = 17.14.36121.58 d17.14
MinimumVisualStudioVersion = 10.0.40219.1
Project("{FAE04EC0-301F-11D3-BF4B-00C04F79EFBC}") = "Book_Management", "Book_Management\Book_Management.csproj", "{701B6FA2-D7ED-4873-83B8-DE91710451F0}"
EndProject
Project("{FAE04EC0-301F-11D3-BF4B-00C04F79EFBC}") = "DataAccessLayer", "DataAccessLayer\DataAccessLayer.csproj", "{8E8886EF-06FA-4356-88EB-AA234199A653}"
EndProject
Project("{FAE04EC0-301F-11D3-BF4B-00C04F79EFBC}") = "BusinessLogic", "BusinessLogic\BusinessLogic.csproj", "{BCE7E33A-2282-48DD-AC36-502172BC832A}"
EndProject
Global
	GlobalSection(SolutionConfigurationPlatforms) = preSolution
		Debug|Any CPU = Debug|Any CPU
		Release|Any CPU = Release|Any CPU
	EndGlobalSection
	GlobalSection(ProjectConfigurationPlatforms) = postSolution
		{701B6FA2-D7ED-4873-83B8-DE91710451F0}.Debug|Any CPU.ActiveCfg = Debug|Any CPU
		{701B6FA2-D7ED-4873-83B8-DE91710451F0}.Debug|Any CPU.Build.0 = Debug|Any CPU
		{701B6FA2-D7ED-4873-83B8-DE91710451F0}.Release|Any CPU.ActiveCfg = Release|Any CPU
		{701B6FA2-D7ED-4873-83B8-DE91710451F0}.Release|Any CPU.Build.0 = Release|Any CPU
		{8E8886EF-06FA-4356-88EB-AA234199A653}.Debug|Any CPU.ActiveCfg = Debug|Any CPU
		{8E8886EF-06FA-4356-88EB-AA234199A653}.Debug|Any CPU.Build.0 = Debug|Any CPU
		{8E8886EF-06FA-4356-88EB-AA234199A653}.Release|Any CPU.ActiveCfg = Release|Any CPU
		{8E8886EF-06FA-4356-88EB-AA234199A653}.Release|Any CPU.Build.0 = Release|Any CPU
		{BCE7E33A-2282-48DD-AC36-502172BC832A}.Debug|Any CPU.ActiveCfg = Debug|Any CPU
		{BCE7E33A-2282-48DD-AC36-502172BC832A}.Debug|Any CPU.Build.0 = Debug|Any CPU
		{BCE7E33A-2282-48DD-AC36-502172BC832A}.Release|Any CPU.ActiveCfg = Release|Any CPU
		{BCE7E33A-2282-48DD-AC36-502172BC832A}.Release|Any CPU.Build.0 = Release|Any CPU
	EndGlobalSection
	GlobalSection(SolutionProperties) = preSolution
		HideSolutionNode = FALSE
	EndGlobalSection
	GlobalSection(ExtensibilityGlobals) = postSolution
		SolutionGuid = {530BB99B-04A3-4109-B678-637A3C43D69F}
	EndGlobalSection
EndGlobal
